
Microsoft Visual Studio Solution File, Format Version 12.00
# Visual Studio Version 17
VisualStudioVersion = 17.3.32922.545
MinimumVisualStudioVersion = 10.0.40219.1
Project("{8BC9CEB8-8B4A-11D0-8D11-00A0C91BC942}") = "Computers", "Computers\Computers.vcxproj", "{0FE7D1C4-3F09-4C1E-9881-2270E8B1DF19}"
EndProject
Global
	GlobalSection(SolutionConfigurationPlatforms) = preSolution
		Debug|x64 = Debug|x64
		Debug|x86 = Debug|x86
		Release|x64 = Release|x64
		Release|x86 = Release|x86
	EndGlobalSection
	GlobalSection(ProjectConfigurationPlatforms) = postSolution
		{0FE7D1C4-3F09-4C1E-9881-2270E8B1DF19}.Debug|x64.ActiveCfg = Debug|x64
		{0FE7D1C4-3F09-4C1E-9881-2270E8B1DF19}.Debug|x64.Build.0 = Debug|x64
		{0FE7D1C4-3F09-4C1E-9881-2270E8B1DF19}.Debug|x86.ActiveCfg = Debug|Win32
		{0FE7D1C4-3F09-4C1E-9881-2270E8B1DF19}.Debug|x86.Build.0 = Debug|Win32
		{0FE7D1C4-3F09-4C1E-9881-2270E8B1DF19}.Release|x64.ActiveCfg = Release|x64
		{0FE7D1C4-3F09-4C1E-9881-2270E8B1DF19}.Release|x64.Build.0 = Release|x64
		{0FE7D1C4-3F09-4C1E-9881-2270E8B1DF19}.Release|x86.ActiveCfg = Release|Win32
		{0FE7D1C4-3F09-4C1E-9881-2270E8B1DF19}.Release|x86.Build.0 = Release|Win32
	EndGlobalSection
	GlobalSection(SolutionProperties) = preSolution
		HideSolutionNode = FALSE
	EndGlobalSection
	GlobalSection(ExtensibilityGlobals) = postSolution
		SolutionGuid = {410ABBB2-CD06-46F6-8D0B-6454AA057103}
	EndGlobalSection
EndGlobal
